
Microsoft Visual Studio Solution File, Format Version 12.00
# Visual Studio Version 17
VisualStudioVersion = 17.7.34009.444
MinimumVisualStudioVersion = 10.0.40219.1
Project("{9A19103F-16F7-4668-BE54-9A1E7A4F7556}") = "ClasesIN", "ClasesIN\ClasesIN.csproj", "{552F947B-CAFE-4C2B-92AE-9B77488FF0BE}"
EndProject
Project("{FAE04EC0-301F-11D3-BF4B-00C04F79EFBC}") = "CarreraCoches", "CarreraCoches\CarreraCoches.csproj", "{D89C65B4-7E91-41BE-88CA-950DB888DAAB}"
EndProject
Global
	GlobalSection(SolutionConfigurationPlatforms) = preSolution
		Debug|Any CPU = Debug|Any CPU
		Release|Any CPU = Release|Any CPU
	EndGlobalSection
	GlobalSection(ProjectConfigurationPlatforms) = postSolution
		{552F947B-CAFE-4C2B-92AE-9B77488FF0BE}.Debug|Any CPU.ActiveCfg = Debug|Any CPU
		{552F947B-CAFE-4C2B-92AE-9B77488FF0BE}.Debug|Any CPU.Build.0 = Debug|Any CPU
		{552F947B-CAFE-4C2B-92AE-9B77488FF0BE}.Release|Any CPU.ActiveCfg = Release|Any CPU
		{552F947B-CAFE-4C2B-92AE-9B77488FF0BE}.Release|Any CPU.Build.0 = Release|Any CPU
		{D89C65B4-7E91-41BE-88CA-950DB888DAAB}.Debug|Any CPU.ActiveCfg = Debug|Any CPU
		{D89C65B4-7E91-41BE-88CA-950DB888DAAB}.Debug|Any CPU.Build.0 = Debug|Any CPU
		{D89C65B4-7E91-41BE-88CA-950DB888DAAB}.Release|Any CPU.ActiveCfg = Release|Any CPU
		{D89C65B4-7E91-41BE-88CA-950DB888DAAB}.Release|Any CPU.Build.0 = Release|Any CPU
	EndGlobalSection
	GlobalSection(SolutionProperties) = preSolution
		HideSolutionNode = FALSE
	EndGlobalSection
	GlobalSection(ExtensibilityGlobals) = postSolution
		SolutionGuid = {DA034943-BE4D-4F15-B400-CD0C6825C024}
	EndGlobalSection
EndGlobal
