
Microsoft Visual Studio Solution File, Format Version 12.00
# Visual Studio Version 17
VisualStudioVersion = 17.7.34003.232
MinimumVisualStudioVersion = 10.0.40219.1
Project("{FAE04EC0-301F-11D3-BF4B-00C04F79EFBC}") = "Generador de Pines", "ConsoleApp1\Generador de Pines.csproj", "{98059C5C-792B-4FD5-94D2-9AED339C0B98}"
EndProject
Global
	GlobalSection(SolutionConfigurationPlatforms) = preSolution
		Debug|Any CPU = Debug|Any CPU
		Release|Any CPU = Release|Any CPU
	EndGlobalSection
	GlobalSection(ProjectConfigurationPlatforms) = postSolution
		{98059C5C-792B-4FD5-94D2-9AED339C0B98}.Debug|Any CPU.ActiveCfg = Debug|Any CPU
		{98059C5C-792B-4FD5-94D2-9AED339C0B98}.Debug|Any CPU.Build.0 = Debug|Any CPU
		{98059C5C-792B-4FD5-94D2-9AED339C0B98}.Release|Any CPU.ActiveCfg = Release|Any CPU
		{98059C5C-792B-4FD5-94D2-9AED339C0B98}.Release|Any CPU.Build.0 = Release|Any CPU
	EndGlobalSection
	GlobalSection(SolutionProperties) = preSolution
		HideSolutionNode = FALSE
	EndGlobalSection
	GlobalSection(ExtensibilityGlobals) = postSolution
		SolutionGuid = {0AE199D6-B407-4A6C-AC11-0B456D4AF3D1}
	EndGlobalSection
EndGlobal
